{
  "requires": true,
  "lockfileVersion": 1,
  "dependencies": {
    "@types/workbox-core": {
      "version": "4.3.0",
      "resolved": "https://registry.npmjs.org/@types/workbox-core/-/workbox-core-4.3.0.tgz",
      "integrity": "sha512-0Tn2bbwYu+Exsp4L3lBA2voRi/7m+6qjgGIs4Lw3Hdm8+7caxAVRra6imkd9Wl3DmK0tKPHinKuo+ElXuqUvlg=="
    },
    "@types/workbox-precaching": {
      "version": "4.3.0",
      "resolved": "https://registry.npmjs.org/@types/workbox-precaching/-/workbox-precaching-4.3.0.tgz",
      "integrity": "sha512-nnnFemK7X6kfJi7u3cZ2qkHCsWFJn+AUtBgBb8UJB7VxongJsBK/QTVbmMGhvIXBb/xkRpoa52VI2rtZLoB3hA==",
      "requires": {
        "@types/workbox-core": "*"
      }
    },
    "@types/workbox-routing": {
      "version": "4.3.0",
      "resolved": "https://registry.npmjs.org/@types/workbox-routing/-/workbox-routing-4.3.0.tgz",
      "integrity": "sha512-op5P/f6n+9g5X4a+sYONp9EALnNxpoU3oXuB/BjeQv9d+k0bNE4LYSF06K6tXYL4PeCIZVJOi4yMCUCOi2NaqQ=="
    },
    "@types/workbox-webpack-plugin": {
      "version": "5.1.4",
      "resolved": "https://registry.npmjs.org/@types/workbox-webpack-plugin/-/workbox-webpack-plugin-5.1.4.tgz",
      "integrity": "sha512-MXUrweAEJDy7F0moFJ9T5KEoDEu4wU8U2BhtnwXiY8lfY7Ht+A8PkdD1qKWmSoL2aWZJwQv+N6ZCGHlKSFZx7g=="
    },
    "workbox-core": {
      "version": "5.1.3",
      "resolved": "https://registry.npmjs.org/workbox-core/-/workbox-core-5.1.3.tgz",
      "integrity": "sha512-TFSIPxxciX9sFaj0FDiohBeIKpwMcCyNduydi9i3LChItcndDS6TJpErxybv8aBWeCMraXt33TWtF6kKuIObNw=="
    },
    "workbox-precaching": {
      "version": "5.1.3",
      "resolved": "https://registry.npmjs.org/workbox-precaching/-/workbox-precaching-5.1.3.tgz",
      "integrity": "sha512-9jjBiB00AOI0NnI320ddnhvlL3bjMrDoI3211kEaxcRWh0N2fX25uVn0O8N8u1gWY4tIfwZAn/DgtAU13cFhYA==",
      "requires": {
        "workbox-core": "^5.1.3"
      }
    },
    "workbox-routing": {
      "version": "5.1.3",
      "resolved": "https://registry.npmjs.org/workbox-routing/-/workbox-routing-5.1.3.tgz",
      "integrity": "sha512-F+sAp9Iy3lVl3BEG+pzXWVq4AftzjiFpHDaZ4Kf4vLoBoKQE0hIHet4zE5DpHqYdyw+Udhp4wrfHamX6PN6z1Q==",
      "requires": {
        "workbox-core": "^5.1.3"
      }
    }
  }
}
